# This file is generated by running "yarn install" inside your project.
# Manual changes might be lost - proceed with caution!

__metadata:
  version: 10
  cacheKey: 10c0

"@pkg-nec/jest-pnp-resolver@workspace:.":
  version: 0.0.0-use.local
  resolution: "@pkg-nec/jest-pnp-resolver@workspace:."
  peerDependencies:
    jest-resolve: "*"
  peerDependenciesMeta:
    jest-resolve:
      optional: true
  languageName: unknown
  linkType: soft
